// !$*UTF8*$!
{
	archiveVersion = 1;
	classes = {
	};
	objectVersion = 56;
	objects = {

/* Begin PBXBuildFile section */
		B17B70BD2AA9493000212E3F /* SwiftWebSocketApp.swift in Sources */ = {isa = PBXBuildFile; fileRef = B17B70BC2AA9493000212E3F /* SwiftWebSocketApp.swift */; };
		B17B70BF2AA9493000212E3F /* ContentView.swift in Sources */ = {isa = PBXBuildFile; fileRef = B17B70BE2AA9493000212E3F /* ContentView.swift */; };
		B17B70C12AA9493100212E3F /* Assets.xcassets in Resources */ = {isa = PBXBuildFile; fileRef = B17B70C02AA9493100212E3F /* Assets.xcassets */; };
		B17B70C42AA9493100212E3F /* Preview Assets.xcassets in Resources */ = {isa = PBXBuildFile; fileRef = B17B70C32AA9493100212E3F /* Preview Assets.xcassets */; };
		B17B70CE2AA9499300212E3F /* ChatView.swift in Sources */ = {isa = PBXBuildFile; fileRef = B17B70CD2AA9499300212E3F /* ChatView.swift */; };
		B17B70D02AA949B900212E3F /* ParticipantsListView.swift in Sources */ = {isa = PBXBuildFile; fileRef = B17B70CF2AA949B900212E3F /* ParticipantsListView.swift */; };
		B17B70D22AA949FB00212E3F /* Models.swift in Sources */ = {isa = PBXBuildFile; fileRef = B17B70D12AA949FB00212E3F /* Models.swift */; };
		B17B70D42AA94A1E00212E3F /* WebSocketViewModel.swift in Sources */ = {isa = PBXBuildFile; fileRef = B17B70D32AA94A1E00212E3F /* WebSocketViewModel.swift */; };
		B17B70D92AA94B0000212E3F /* WebSocketManager.swift in Sources */ = {isa = PBXBuildFile; fileRef = B17B70D82AA94B0000212E3F /* WebSocketManager.swift */; };
/* End PBXBuildFile section */

/* Begin PBXFileReference section */
		B17B70B92AA9493000212E3F /* SwiftWebSocket.app */ = {isa = PBXFileReference; explicitFileType = wrapper.application; includeInIndex = 0; path = SwiftWebSocket.app; sourceTree = BUILT_PRODUCTS_DIR; };
		B17B70BC2AA9493000212E3F /* SwiftWebSocketApp.swift */ = {isa = PBXFileReference; lastKnownFileType = sourcecode.swift; path = SwiftWebSocketApp.swift; sourceTree = "<group>"; };
		B17B70BE2AA9493000212E3F /* ContentView.swift */ = {isa = PBXFileReference; lastKnownFileType = sourcecode.swift; path = ContentView.swift; sourceTree = "<group>"; };
		B17B70C02AA9493100212E3F /* Assets.xcassets */ = {isa = PBXFileReference; lastKnownFileType = folder.assetcatalog; path = Assets.xcassets; sourceTree = "<group>"; };
		B17B70C32AA9493100212E3F /* Preview Assets.xcassets */ = {isa = PBXFileReference; lastKnownFileType = folder.assetcatalog; path = "Preview Assets.xcassets"; sourceTree = "<group>"; };
		B17B70CD2AA9499300212E3F /* ChatView.swift */ = {isa = PBXFileReference; lastKnownFileType = sourcecode.swift; path = ChatView.swift; sourceTree = "<group>"; };
		B17B70CF2AA949B900212E3F /* ParticipantsListView.swift */ = {isa = PBXFileReference; lastKnownFileType = sourcecode.swift; path = ParticipantsListView.swift; sourceTree = "<group>"; };
		B17B70D12AA949FB00212E3F /* Models.swift */ = {isa = PBXFileReference; lastKnownFileType = sourcecode.swift; path = Models.swift; sourceTree = "<group>"; };
		B17B70D32AA94A1E00212E3F /* WebSocketViewModel.swift */ = {isa = PBXFileReference; lastKnownFileType = sourcecode.swift; path = WebSocketViewModel.swift; sourceTree = "<group>"; };
		B17B70D82AA94B0000212E3F /* WebSocketManager.swift */ = {isa = PBXFileReference; lastKnownFileType = sourcecode.swift; path = WebSocketManager.swift; sourceTree = "<group>"; };
/* End PBXFileReference section */

/* Begin PBXFrameworksBuildPhase section */
		B17B70B62AA9493000212E3F /* Frameworks */ = {
			isa = PBXFrameworksBuildPhase;
			buildActionMask = 2147483647;
			files = (
			);
			runOnlyForDeploymentPostprocessing = 0;
		};
/* End PBXFrameworksBuildPhase section */

/* Begin PBXGroup section */
		B17B70B02AA9493000212E3F = {
			isa = PBXGroup;
			children = (
				B17B70BB2AA9493000212E3F /* SwiftWebSocket */,
				B17B70BA2AA9493000212E3F /* Products */,
			);
			sourceTree = "<group>";
		};
		B17B70BA2AA9493000212E3F /* Products */ = {
			isa = PBXGroup;
			children = (
				B17B70B92AA9493000212E3F /* SwiftWebSocket.app */,
			);
			name = Products;
			sourceTree = "<group>";
		};
		B17B70BB2AA9493000212E3F /* SwiftWebSocket */ = {
			isa = PBXGroup;
			children = (
				B17B70BC2AA9493000212E3F /* SwiftWebSocketApp.swift */,
				B17B70D52AA94A3700212E3F /* Manager */,
				B17B70CA2AA9496700212E3F /* ViewModel */,
				B17B70CC2AA9497400212E3F /* Model */,
				B17B70CB2AA9496F00212E3F /* View */,
				B17B70C02AA9493100212E3F /* Assets.xcassets */,
				B17B70C22AA9493100212E3F /* Preview Content */,
			);
			path = SwiftWebSocket;
			sourceTree = "<group>";
		};
		B17B70C22AA9493100212E3F /* Preview Content */ = {
			isa = PBXGroup;
			children = (
				B17B70C32AA9493100212E3F /* Preview Assets.xcassets */,
			);
			path = "Preview Content";
			sourceTree = "<group>";
		};
		B17B70CA2AA9496700212E3F /* ViewModel */ = {
			isa = PBXGroup;
			children = (
				B17B70D32AA94A1E00212E3F /* WebSocketViewModel.swift */,
			);
			path = ViewModel;
			sourceTree = "<group>";
		};
		B17B70CB2AA9496F00212E3F /* View */ = {
			isa = PBXGroup;
			children = (
				B17B70BE2AA9493000212E3F /* ContentView.swift */,
				B17B70CD2AA9499300212E3F /* ChatView.swift */,
				B17B70CF2AA949B900212E3F /* ParticipantsListView.swift */,
			);
			path = View;
			sourceTree = "<group>";
		};
		B17B70CC2AA9497400212E3F /* Model */ = {
			isa = PBXGroup;
			children = (
				B17B70D12AA949FB00212E3F /* Models.swift */,
			);
			path = Model;
			sourceTree = "<group>";
		};
		B17B70D52AA94A3700212E3F /* Manager */ = {
			isa = PBXGroup;
			children = (
				B17B70D82AA94B0000212E3F /* WebSocketManager.swift */,
			);
			path = Manager;
			sourceTree = "<group>";
		};
/* End PBXGroup section */

/* Begin PBXNativeTarget section */
		B17B70B82AA9493000212E3F /* SwiftWebSocket */ = {
			isa = PBXNativeTarget;
			buildConfigurationList = B17B70C72AA9493100212E3F /* Build configuration list for PBXNativeTarget "SwiftWebSocket" */;
			buildPhases = (
				B17B70B52AA9493000212E3F /* Sources */,
				B17B70B62AA9493000212E3F /* Frameworks */,
				B17B70B72AA9493000212E3F /* Resources */,
			);
			buildRules = (
			);
			dependencies = (
			);
			name = SwiftWebSocket;
			productName = SwiftWebSocket;
			productReference = B17B70B92AA9493000212E3F /* SwiftWebSocket.app */;
			productType = "com.apple.product-type.application";
		};
/* End PBXNativeTarget section */

/* Begin PBXProject section */
		B17B70B12AA9493000212E3F /* Project object */ = {
			isa = PBXProject;
			attributes = {
				BuildIndependentTargetsInParallel = 1;
				LastSwiftUpdateCheck = 1430;
				LastUpgradeCheck = 1430;
				TargetAttributes = {
					B17B70B82AA9493000212E3F = {
						CreatedOnToolsVersion = 14.3.1;
					};
				};
			};
			buildConfigurationList = B17B70B42AA9493000212E3F /* Build configuration list for PBXProject "SwiftWebSocket" */;
			compatibilityVersion = "Xcode 14.0";
			developmentRegion = en;
			hasScannedForEncodings = 0;
			knownRegions = (
				en,
				Base,
			);
			mainGroup = B17B70B02AA9493000212E3F;
			productRefGroup = B17B70BA2AA9493000212E3F /* Products */;
			projectDirPath = "";
			projectRoot = "";
			targets = (
				B17B70B82AA9493000212E3F /* SwiftWebSocket */,
			);
		};
/* End PBXProject section */

/* Begin PBXResourcesBuildPhase section */
		B17B70B72AA9493000212E3F /* Resources */ = {
			isa = PBXResourcesBuildPhase;
			buildActionMask = 2147483647;
			files = (
				B17B70C42AA9493100212E3F /* Preview Assets.xcassets in Resources */,
				B17B70C12AA9493100212E3F /* Assets.xcassets in Resources */,
			);
			runOnlyForDeploymentPostprocessing = 0;
		};
/* End PBXResourcesBuildPhase section */

/* Begin PBXSourcesBuildPhase section */
		B17B70B52AA9493000212E3F /* Sources */ = {
			isa = PBXSourcesBuildPhase;
			buildActionMask = 2147483647;
			files = (
				B17B70D42AA94A1E00212E3F /* WebSocketViewModel.swift in Sources */,
				B17B70BF2AA9493000212E3F /* ContentView.swift in Sources */,
				B17B70CE2AA9499300212E3F /* ChatView.swift in Sources */,
				B17B70D02AA949B900212E3F /* ParticipantsListView.swift in Sources */,
				B17B70BD2AA9493000212E3F /* SwiftWebSocketApp.swift in Sources */,
				B17B70D22AA949FB00212E3F /* Models.swift in Sources */,
				B17B70D92AA94B0000212E3F /* WebSocketManager.swift in Sources */,
			);
			runOnlyForDeploymentPostprocessing = 0;
		};
/* End PBXSourcesBuildPhase section */

/* Begin XCBuildConfiguration section */
		B17B70C52AA9493100212E3F /* Debug */ = {
			isa = XCBuildConfiguration;
			buildSettings = {
				ALWAYS_SEARCH_USER_PATHS = NO;
				CLANG_ANALYZER_NONNULL = YES;
				CLANG_ANALYZER_NUMBER_OBJECT_CONVERSION = YES_AGGRESSIVE;
				CLANG_CXX_LANGUAGE_STANDARD = "gnu++20";
				CLANG_ENABLE_MODULES = YES;
				CLANG_ENABLE_OBJC_ARC = YES;
				CLANG_ENABLE_OBJC_WEAK = YES;
				CLANG_WARN_BLOCK_CAPTURE_AUTORELEASING = YES;
				CLANG_WARN_BOOL_CONVERSION = YES;
				CLANG_WARN_COMMA = YES;
				CLANG_WARN_CONSTANT_CONVERSION = YES;
				CLANG_WARN_DEPRECATED_OBJC_IMPLEMENTATIONS = YES;
				CLANG_WARN_DIRECT_OBJC_ISA_USAGE = YES_ERROR;
				CLANG_WARN_DOCUMENTATION_COMMENTS = YES;
				CLANG_WARN_EMPTY_BODY = YES;
				CLANG_WARN_ENUM_CONVERSION = YES;
				CLANG_WARN_INFINITE_RECURSION = YES;
				CLANG_WARN_INT_CONVERSION = YES;
				CLANG_WARN_NON_LITERAL_NULL_CONVERSION = YES;
				CLANG_WARN_OBJC_IMPLICIT_RETAIN_SELF = YES;
				CLANG_WARN_OBJC_LITERAL_CONVERSION = YES;
				CLANG_WARN_OBJC_ROOT_CLASS = YES_ERROR;
				CLANG_WARN_QUOTED_INCLUDE_IN_FRAMEWORK_HEADER = YES;
				CLANG_WARN_RANGE_LOOP_ANALYSIS = YES;
				CLANG_WARN_STRICT_PROTOTYPES = YES;
				CLANG_WARN_SUSPICIOUS_MOVE = YES;
				CLANG_WARN_UNGUARDED_AVAILABILITY = YES_AGGRESSIVE;
				CLANG_WARN_UNREACHABLE_CODE = YES;
				CLANG_WARN__DUPLICATE_METHOD_MATCH = YES;
				COPY_PHASE_STRIP = NO;
				DEBUG_INFORMATION_FORMAT = dwarf;
				ENABLE_STRICT_OBJC_MSGSEND = YES;
				ENABLE_TESTABILITY = YES;
				GCC_C_LANGUAGE_STANDARD = gnu11;
				GCC_DYNAMIC_NO_PIC = NO;
				GCC_NO_COMMON_BLOCKS = YES;
				GCC_OPTIMIZATION_LEVEL = 0;
				GCC_PREPROCESSOR_DEFINITIONS = (
					"DEBUG=1",
					"$(inherited)",
				);
				GCC_WARN_64_TO_32_BIT_CONVERSION = YES;
				GCC_WARN_ABOUT_RETURN_TYPE = YES_ERROR;
				GCC_WARN_UNDECLARED_SELECTOR = YES;
				GCC_WARN_UNINITIALIZED_AUTOS = YES_AGGRESSIVE;
				GCC_WARN_UNUSED_FUNCTION = YES;
				GCC_WARN_UNUSED_VARIABLE = YES;
				IPHONEOS_DEPLOYMENT_TARGET = 16.4;
				MTL_ENABLE_DEBUG_INFO = INCLUDE_SOURCE;
				MTL_FAST_MATH = YES;
				ONLY_ACTIVE_ARCH = YES;
				SDKROOT = iphoneos;
				SWIFT_ACTIVE_COMPILATION_CONDITIONS = DEBUG;
				SWIFT_OPTIMIZATION_LEVEL = "-Onone";
			};
			name = Debug;
		};
		B17B70C62AA9493100212E3F /* Release */ = {
			isa = XCBuildConfiguration;
			buildSettings = {
				ALWAYS_SEARCH_USER_PATHS = NO;
				CLANG_ANALYZER_NONNULL = YES;
				CLANG_ANALYZER_NUMBER_OBJECT_CONVERSION = YES_AGGRESSIVE;
				CLANG_CXX_LANGUAGE_STANDARD = "gnu++20";
				CLANG_ENABLE_MODULES = YES;
				CLANG_ENABLE_OBJC_ARC = YES;
				CLANG_ENABLE_OBJC_WEAK = YES;
				CLANG_WARN_BLOCK_CAPTURE_AUTORELEASING = YES;
				CLANG_WARN_BOOL_CONVERSION = YES;
				CLANG_WARN_COMMA = YES;
				CLANG_WARN_CONSTANT_CONVERSION = YES;
				CLANG_WARN_DEPRECATED_OBJC_IMPLEMENTATIONS = YES;
				CLANG_WARN_DIRECT_OBJC_ISA_USAGE = YES_ERROR;
				CLANG_WARN_DOCUMENTATION_COMMENTS = YES;
				CLANG_WARN_EMPTY_BODY = YES;
				CLANG_WARN_ENUM_CONVERSION = YES;
				CLANG_WARN_INFINITE_RECURSION = YES;
				CLANG_WARN_INT_CONVERSION = YES;
				CLANG_WARN_NON_LITERAL_NULL_CONVERSION = YES;
				CLANG_WARN_OBJC_IMPLICIT_RETAIN_SELF = YES;
				CLANG_WARN_OBJC_LITERAL_CONVERSION = YES;
				CLANG_WARN_OBJC_ROOT_CLASS = YES_ERROR;
				CLANG_WARN_QUOTED_INCLUDE_IN_FRAMEWORK_HEADER = YES;
				CLANG_WARN_RANGE_LOOP_ANALYSIS = YES;
				CLANG_WARN_STRICT_PROTOTYPES = YES;
				CLANG_WARN_SUSPICIOUS_MOVE = YES;
				CLANG_WARN_UNGUARDED_AVAILABILITY = YES_AGGRESSIVE;
				CLANG_WARN_UNREACHABLE_CODE = YES;
				CLANG_WARN__DUPLICATE_METHOD_MATCH = YES;
				COPY_PHASE_STRIP = NO;
				DEBUG_INFORMATION_FORMAT = "dwarf-with-dsym";
				ENABLE_NS_ASSERTIONS = NO;
				ENABLE_STRICT_OBJC_MSGSEND = YES;
				GCC_C_LANGUAGE_STANDARD = gnu11;
				GCC_NO_COMMON_BLOCKS = YES;
				GCC_WARN_64_TO_32_BIT_CONVERSION = YES;
				GCC_WARN_ABOUT_RETURN_TYPE = YES_ERROR;
				GCC_WARN_UNDECLARED_SELECTOR = YES;
				GCC_WARN_UNINITIALIZED_AUTOS = YES_AGGRESSIVE;
				GCC_WARN_UNUSED_FUNCTION = YES;
				GCC_WARN_UNUSED_VARIABLE = YES;
				IPHONEOS_DEPLOYMENT_TARGET = 16.4;
				MTL_ENABLE_DEBUG_INFO = NO;
				MTL_FAST_MATH = YES;
				SDKROOT = iphoneos;
				SWIFT_COMPILATION_MODE = wholemodule;
				SWIFT_OPTIMIZATION_LEVEL = "-O";
				VALIDATE_PRODUCT = YES;
			};
			name = Release;
		};
		B17B70C82AA9493100212E3F /* Debug */ = {
			isa = XCBuildConfiguration;
			buildSettings = {
				ASSETCATALOG_COMPILER_APPICON_NAME = AppIcon;
				ASSETCATALOG_COMPILER_GLOBAL_ACCENT_COLOR_NAME = AccentColor;
				CODE_SIGN_STYLE = Automatic;
				CURRENT_PROJECT_VERSION = 1;
				DEVELOPMENT_ASSET_PATHS = "\"SwiftWebSocket/Preview Content\"";
				DEVELOPMENT_TEAM = DUY76YA587;
				ENABLE_PREVIEWS = YES;
				GENERATE_INFOPLIST_FILE = YES;
				INFOPLIST_KEY_UIApplicationSceneManifest_Generation = YES;
				INFOPLIST_KEY_UIApplicationSupportsIndirectInputEvents = YES;
				INFOPLIST_KEY_UILaunchScreen_Generation = YES;
				INFOPLIST_KEY_UISupportedInterfaceOrientations_iPad = "UIInterfaceOrientationPortrait UIInterfaceOrientationPortraitUpsideDown UIInterfaceOrientationLandscapeLeft UIInterfaceOrientationLandscapeRight";
				INFOPLIST_KEY_UISupportedInterfaceOrientations_iPhone = "UIInterfaceOrientationPortrait UIInterfaceOrientationLandscapeLeft UIInterfaceOrientationLandscapeRight";
				LD_RUNPATH_SEARCH_PATHS = (
					"$(inherited)",
					"@executable_path/Frameworks",
				);
				MARKETING_VERSION = 1.0;
				PRODUCT_BUNDLE_IDENTIFIER = AppleAcademy.SwiftWebSocket;
				PRODUCT_NAME = "$(TARGET_NAME)";
				SWIFT_EMIT_LOC_STRINGS = YES;
				SWIFT_VERSION = 5.0;
				TARGETED_DEVICE_FAMILY = "1,2";
			};
			name = Debug;
		};
		B17B70C92AA9493100212E3F /* Release */ = {
			isa = XCBuildConfiguration;
			buildSettings = {
				ASSETCATALOG_COMPILER_APPICON_NAME = AppIcon;
				ASSETCATALOG_COMPILER_GLOBAL_ACCENT_COLOR_NAME = AccentColor;
				CODE_SIGN_STYLE = Automatic;
				CURRENT_PROJECT_VERSION = 1;
				DEVELOPMENT_ASSET_PATHS = "\"SwiftWebSocket/Preview Content\"";
				DEVELOPMENT_TEAM = DUY76YA587;
				ENABLE_PREVIEWS = YES;
				GENERATE_INFOPLIST_FILE = YES;
				INFOPLIST_KEY_UIApplicationSceneManifest_Generation = YES;
				INFOPLIST_KEY_UIApplicationSupportsIndirectInputEvents = YES;
				INFOPLIST_KEY_UILaunchScreen_Generation = YES;
				INFOPLIST_KEY_UISupportedInterfaceOrientations_iPad = "UIInterfaceOrientationPortrait UIInterfaceOrientationPortraitUpsideDown UIInterfaceOrientationLandscapeLeft UIInterfaceOrientationLandscapeRight";
				INFOPLIST_KEY_UISupportedInterfaceOrientations_iPhone = "UIInterfaceOrientationPortrait UIInterfaceOrientationLandscapeLeft UIInterfaceOrientationLandscapeRight";
				LD_RUNPATH_SEARCH_PATHS = (
					"$(inherited)",
					"@executable_path/Frameworks",
				);
				MARKETING_VERSION = 1.0;
				PRODUCT_BUNDLE_IDENTIFIER = AppleAcademy.SwiftWebSocket;
				PRODUCT_NAME = "$(TARGET_NAME)";
				SWIFT_EMIT_LOC_STRINGS = YES;
				SWIFT_VERSION = 5.0;
				TARGETED_DEVICE_FAMILY = "1,2";
			};
			name = Release;
		};
/* End XCBuildConfiguration section */

/* Begin XCConfigurationList section */
		B17B70B42AA9493000212E3F /* Build configuration list for PBXProject "SwiftWebSocket" */ = {
			isa = XCConfigurationList;
			buildConfigurations = (
				B17B70C52AA9493100212E3F /* Debug */,
				B17B70C62AA9493100212E3F /* Release */,
			);
			defaultConfigurationIsVisible = 0;
			defaultConfigurationName = Release;
		};
		B17B70C72AA9493100212E3F /* Build configuration list for PBXNativeTarget "SwiftWebSocket" */ = {
			isa = XCConfigurationList;
			buildConfigurations = (
				B17B70C82AA9493100212E3F /* Debug */,
				B17B70C92AA9493100212E3F /* Release */,
			);
			defaultConfigurationIsVisible = 0;
			defaultConfigurationName = Release;
		};
/* End XCConfigurationList section */
	};
	rootObject = B17B70B12AA9493000212E3F /* Project object */;
}
